# This file is automatically @generated by Cargo.
# It is not intended for manual editing.
version = 4

[[package]]
name = "metering-agent"
version = "0.1.0"

[[package]]
name = "pg-proxy"
version = "0.1.0"

[[package]]
name = "search-proxy"
version = "0.1.0"

[[package]]
name = "sproutos-metering-proto"
version = "0.1.0"

[[package]]
name = "sproutos-srn"
version = "0.1.0"

[[package]]
name = "sproutos-tenant-auth"
version = "0.1.0"

[[package]]
name = "valkey-proxy"
version = "0.1.0"
